// !$*UTF8*$!
{
	archiveVersion = 1;
	classes = {
	};
	objectVersion = 56;
	objects = {

/* Begin PBXBuildFile section */
		A10000000000000000000011 /* AppDelegate.swift in Sources */ = {isa = PBXBuildFile; fileRef = A10000000000000000000001 /* AppDelegate.swift */; };
		A10000000000000000000012 /* MainViewController.swift in Sources */ = {isa = PBXBuildFile; fileRef = A10000000000000000000002 /* MainViewController.swift */; };
		A10000000000000000000014 /* ObjToSchematicIOSTests.swift in Sources */ = {isa = PBXBuildFile; fileRef = A10000000000000000000005 /* ObjToSchematicIOSTests.swift */; };
		A10000000000000000000017 /* ObjToSchematicKit in Frameworks */ = {isa = PBXBuildFile; productRef = A10000000000000000000027 /* ObjToSchematicKit */; };
		A10000000000000000000018 /* ObjToSchematicKit in Frameworks */ = {isa = PBXBuildFile; productRef = A10000000000000000000027 /* ObjToSchematicKit */; };
/* End PBXBuildFile section */

/* Begin PBXContainerItemProxy section */
		A10000000000000000000031 /* PBXContainerItemProxy */ = {
			isa = PBXContainerItemProxy;
			containerPortal = A10000000000000000000020 /* Project object */;
			proxyType = 1;
			remoteGlobalIDString = A10000000000000000000022;
			remoteInfo = ObjToSchematicIOS;
		};
/* End PBXContainerItemProxy section */

/* Begin PBXFileReference section */
		A10000000000000000000001 /* AppDelegate.swift */ = {isa = PBXFileReference; lastKnownFileType = sourcecode.swift; path = AppDelegate.swift; sourceTree = "<group>"; };
		A10000000000000000000002 /* MainViewController.swift */ = {isa = PBXFileReference; lastKnownFileType = sourcecode.swift; path = MainViewController.swift; sourceTree = "<group>"; };
		A10000000000000000000004 /* ObjToSchematicIOS.app */ = {isa = PBXFileReference; explicitFileType = wrapper.application; includeInIndex = 0; path = ObjToSchematicIOS.app; sourceTree = BUILT_PRODUCTS_DIR; };
		A10000000000000000000005 /* ObjToSchematicIOSTests.swift */ = {isa = PBXFileReference; lastKnownFileType = sourcecode.swift; path = ObjToSchematicIOSTests.swift; sourceTree = "<group>"; };
		A10000000000000000000006 /* ObjToSchematicIOSTests.xctest */ = {isa = PBXFileReference; explicitFileType = wrapper.cfbundle; includeInIndex = 0; path = ObjToSchematicIOSTests.xctest; sourceTree = BUILT_PRODUCTS_DIR; };
		A10000000000000000000007 /* Info.plist */ = {isa = PBXFileReference; lastKnownFileType = text.plist.xml; path = Info.plist; sourceTree = "<group>"; };
/* End PBXFileReference section */

/* Begin PBXFrameworksBuildPhase section */
		A10000000000000000000041 /* Frameworks */ = {
			isa = PBXFrameworksBuildPhase;
			buildActionMask = 2147483647;
			files = (
				A10000000000000000000017 /* ObjToSchematicKit in Frameworks */,
			);
			runOnlyForDeploymentPostprocessing = 0;
		};
		A10000000000000000000042 /* Frameworks */ = {
			isa = PBXFrameworksBuildPhase;
			buildActionMask = 2147483647;
			files = (
				A10000000000000000000018 /* ObjToSchematicKit in Frameworks */,
			);
			runOnlyForDeploymentPostprocessing = 0;
		};
/* End PBXFrameworksBuildPhase section */

/* Begin PBXGroup section */
		A10000000000000000000050 = {
			isa = PBXGroup;
			children = (
				A10000000000000000000051 /* ObjToSchematicIOS */,
				A10000000000000000000052 /* ObjToSchematicIOSTests */,
				A10000000000000000000053 /* Products */,
			);
			sourceTree = "<group>";
		};
		A10000000000000000000051 /* ObjToSchematicIOS */ = {
			isa = PBXGroup;
			children = (
				A10000000000000000000001 /* AppDelegate.swift */,
				A10000000000000000000002 /* MainViewController.swift */,
				A10000000000000000000007 /* Info.plist */,
			);
			path = ObjToSchematicIOS;
			sourceTree = "<group>";
		};
		A10000000000000000000052 /* ObjToSchematicIOSTests */ = {
			isa = PBXGroup;
			children = (
				A10000000000000000000005 /* ObjToSchematicIOSTests.swift */,
			);
			path = ObjToSchematicIOSTests;
			sourceTree = "<group>";
		};
		A10000000000000000000053 /* Products */ = {
			isa = PBXGroup;
			children = (
				A10000000000000000000004 /* ObjToSchematicIOS.app */,
				A10000000000000000000006 /* ObjToSchematicIOSTests.xctest */,
			);
			name = Products;
			sourceTree = "<group>";
		};
/* End PBXGroup section */

/* Begin PBXNativeTarget section */
		A10000000000000000000022 /* ObjToSchematicIOS */ = {
			isa = PBXNativeTarget;
			buildConfigurationList = A10000000000000000000072 /* Build configuration list for PBXNativeTarget "ObjToSchematicIOS" */;
			buildPhases = (
				A10000000000000000000061 /* Sources */,
				A10000000000000000000041 /* Frameworks */,
				A10000000000000000000063 /* Resources */,
			);
			buildRules = (
			);
			dependencies = (
			);
			packageProductDependencies = (
				A10000000000000000000027 /* ObjToSchematicKit */,
			);
			name = ObjToSchematicIOS;
			productName = ObjToSchematicIOS;
			productReference = A10000000000000000000004 /* ObjToSchematicIOS.app */;
			productType = "com.apple.product-type.application";
		};
		A10000000000000000000023 /* ObjToSchematicIOSTests */ = {
			isa = PBXNativeTarget;
			buildConfigurationList = A10000000000000000000073 /* Build configuration list for PBXNativeTarget "ObjToSchematicIOSTests" */;
			buildPhases = (
				A10000000000000000000062 /* Sources */,
				A10000000000000000000042 /* Frameworks */,
				A10000000000000000000064 /* Resources */,
			);
			buildRules = (
			);
			dependencies = (
				A10000000000000000000032 /* PBXTargetDependency */,
			);
			packageProductDependencies = (
				A10000000000000000000027 /* ObjToSchematicKit */,
			);
			name = ObjToSchematicIOSTests;
			productName = ObjToSchematicIOSTests;
			productReference = A10000000000000000000006 /* ObjToSchematicIOSTests.xctest */;
			productType = "com.apple.product-type.bundle.unit-test";
		};
/* End PBXNativeTarget section */

/* Begin PBXProject section */
		A10000000000000000000020 /* Project object */ = {
			isa = PBXProject;
			attributes = {
				LastSwiftUpdateCheck = 1500;
				LastUpgradeCheck = 1500;
				TargetAttributes = {
					A10000000000000000000022 = {
						CreatedOnToolsVersion = 15.0;
					};
					A10000000000000000000023 = {
						CreatedOnToolsVersion = 15.0;
						TestTargetID = A10000000000000000000022;
					};
				};
			};
			buildConfigurationList = A10000000000000000000071 /* Build configuration list for PBXProject "ObjToSchematicIOS" */;
			compatibilityVersion = "Xcode 14.0";
			developmentRegion = en;
			hasScannedForEncodings = 0;
			knownRegions = (
				en,
				Base,
			);
			mainGroup = A10000000000000000000050;
			packageReferences = (
				A10000000000000000000028 /* XCLocalSwiftPackageReference "ObjToSchematicKit" */,
			);
			productRefGroup = A10000000000000000000053 /* Products */;
			projectDirPath = "";
			projectRoot = "";
			targets = (
				A10000000000000000000022 /* ObjToSchematicIOS */,
				A10000000000000000000023 /* ObjToSchematicIOSTests */,
			);
		};
/* End PBXProject section */

/* Begin PBXResourcesBuildPhase section */
		A10000000000000000000063 /* Resources */ = {
			isa = PBXResourcesBuildPhase;
			buildActionMask = 2147483647;
			files = (
			);
			runOnlyForDeploymentPostprocessing = 0;
		};
		A10000000000000000000064 /* Resources */ = {
			isa = PBXResourcesBuildPhase;
			buildActionMask = 2147483647;
			files = (
			);
			runOnlyForDeploymentPostprocessing = 0;
		};
/* End PBXResourcesBuildPhase section */

/* Begin PBXSourcesBuildPhase section */
		A10000000000000000000061 /* Sources */ = {
			isa = PBXSourcesBuildPhase;
			buildActionMask = 2147483647;
			files = (
				A10000000000000000000011 /* AppDelegate.swift in Sources */,
				A10000000000000000000012 /* MainViewController.swift in Sources */,
			);
			runOnlyForDeploymentPostprocessing = 0;
		};
		A10000000000000000000062 /* Sources */ = {
			isa = PBXSourcesBuildPhase;
			buildActionMask = 2147483647;
			files = (
				A10000000000000000000014 /* ObjToSchematicIOSTests.swift in Sources */,
			);
			runOnlyForDeploymentPostprocessing = 0;
		};
/* End PBXSourcesBuildPhase section */

/* Begin XCLocalSwiftPackageReference section */
		A10000000000000000000028 /* XCLocalSwiftPackageReference "ObjToSchematicKit" */ = {
			isa = XCLocalSwiftPackageReference;
			relativePath = ../../ObjToSchematicKit;
		};
/* End XCLocalSwiftPackageReference section */

/* Begin XCSwiftPackageProductDependency section */
		A10000000000000000000027 /* ObjToSchematicKit */ = {
			isa = XCSwiftPackageProductDependency;
			package = A10000000000000000000028 /* XCLocalSwiftPackageReference "ObjToSchematicKit" */;
			productName = ObjToSchematicKit;
		};
/* End XCSwiftPackageProductDependency section */
/* End PBXSourcesBuildPhase section */

/* Begin PBXTargetDependency section */
		A10000000000000000000032 /* PBXTargetDependency */ = {
			isa = PBXTargetDependency;
			target = A10000000000000000000022 /* ObjToSchematicIOS */;
			targetProxy = A10000000000000000000031 /* PBXContainerItemProxy */;
		};
/* End PBXTargetDependency section */

/* Begin XCBuildConfiguration section */
		A10000000000000000000081 /* Debug */ = {
			isa = XCBuildConfiguration;
			buildSettings = {
				ALWAYS_SEARCH_USER_PATHS = NO;
				CLANG_ANALYZER_NONNULL = YES;
				CLANG_ANALYZER_NUMBER_OBJECT_CONVERSION = YES_AGGRESSIVE;
				CLANG_ENABLE_MODULES = YES;
				CLANG_ENABLE_OBJC_ARC = YES;
				CLANG_ENABLE_OBJC_WEAK = YES;
				CLANG_WARN_DOCUMENTATION_COMMENTS = YES;
				CLANG_WARN_EMPTY_BODY = YES;
				CLANG_WARN_ENUM_CONVERSION = YES;
				CLANG_WARN_INT_CONVERSION = YES;
				CLANG_WARN_UNGUARDED_AVAILABILITY = YES_AGGRESSIVE;
				COPY_PHASE_STRIP = NO;
				DEBUG_INFORMATION_FORMAT = dwarf;
				ENABLE_STRICT_OBJC_MSGSEND = YES;
				ENABLE_TESTABILITY = YES;
				GCC_C_LANGUAGE_STANDARD = gnu11;
				GCC_NO_COMMON_BLOCKS = YES;
				GCC_WARN_64_TO_32_BIT_CONVERSION = YES;
				GCC_WARN_ABOUT_RETURN_TYPE = YES_ERROR;
				GCC_WARN_UNDECLARED_SELECTOR = YES;
				GCC_WARN_UNINITIALIZED_AUTOS = YES_AGGRESSIVE;
				GCC_WARN_UNUSED_FUNCTION = YES;
				GCC_WARN_UNUSED_VARIABLE = YES;
				IPHONEOS_DEPLOYMENT_TARGET = 15.0;
				MTL_ENABLE_DEBUG_INFO = INCLUDE_SOURCE;
				ONLY_ACTIVE_ARCH = YES;
				SDKROOT = iphoneos;
				SWIFT_ACTIVE_COMPILATION_CONDITIONS = DEBUG;
				SWIFT_OPTIMIZATION_LEVEL = "-Onone";
			};
			name = Debug;
		};
		A10000000000000000000082 /* Release */ = {
			isa = XCBuildConfiguration;
			buildSettings = {
				ALWAYS_SEARCH_USER_PATHS = NO;
				CLANG_ANALYZER_NONNULL = YES;
				CLANG_ANALYZER_NUMBER_OBJECT_CONVERSION = YES_AGGRESSIVE;
				CLANG_ENABLE_MODULES = YES;
				CLANG_ENABLE_OBJC_ARC = YES;
				CLANG_ENABLE_OBJC_WEAK = YES;
				CLANG_WARN_DOCUMENTATION_COMMENTS = YES;
				CLANG_WARN_EMPTY_BODY = YES;
				CLANG_WARN_ENUM_CONVERSION = YES;
				CLANG_WARN_INT_CONVERSION = YES;
				CLANG_WARN_UNGUARDED_AVAILABILITY = YES_AGGRESSIVE;
				COPY_PHASE_STRIP = NO;
				DEBUG_INFORMATION_FORMAT = "dwarf-with-dsym";
				ENABLE_NS_ASSERTIONS = NO;
				ENABLE_STRICT_OBJC_MSGSEND = YES;
				GCC_C_LANGUAGE_STANDARD = gnu11;
				GCC_NO_COMMON_BLOCKS = YES;
				GCC_WARN_64_TO_32_BIT_CONVERSION = YES;
				GCC_WARN_ABOUT_RETURN_TYPE = YES_ERROR;
				GCC_WARN_UNDECLARED_SELECTOR = YES;
				GCC_WARN_UNINITIALIZED_AUTOS = YES_AGGRESSIVE;
				GCC_WARN_UNUSED_FUNCTION = YES;
				GCC_WARN_UNUSED_VARIABLE = YES;
				IPHONEOS_DEPLOYMENT_TARGET = 15.0;
				MTL_ENABLE_DEBUG_INFO = NO;
				SDKROOT = iphoneos;
				SWIFT_COMPILATION_MODE = wholemodule;
				SWIFT_OPTIMIZATION_LEVEL = "-O";
			};
			name = Release;
		};
		A10000000000000000000083 /* Debug */ = {
			isa = XCBuildConfiguration;
			buildSettings = {
				CODE_SIGN_STYLE = Automatic;
				CURRENT_PROJECT_VERSION = 1;
				GENERATE_INFOPLIST_FILE = NO;
				INFOPLIST_FILE = ObjToSchematicIOS/Info.plist;
				INFOPLIST_KEY_UIApplicationSupportsIndirectInputEvents = YES;
				IPHONEOS_DEPLOYMENT_TARGET = 15.0;
				LD_RUNPATH_SEARCH_PATHS = "$(inherited) @executable_path/Frameworks";
				MARKETING_VERSION = 1.0;
				PRODUCT_BUNDLE_IDENTIFIER = com.captureforge.ObjToSchematicIOS;
				PRODUCT_NAME = "$(TARGET_NAME)";
				SWIFT_EMIT_LOC_STRINGS = YES;
				SWIFT_VERSION = 5.0;
				TARGETED_DEVICE_FAMILY = "1,2";
			};
			name = Debug;
		};
		A10000000000000000000084 /* Release */ = {
			isa = XCBuildConfiguration;
			buildSettings = {
				CODE_SIGN_STYLE = Automatic;
				CURRENT_PROJECT_VERSION = 1;
				GENERATE_INFOPLIST_FILE = NO;
				INFOPLIST_FILE = ObjToSchematicIOS/Info.plist;
				INFOPLIST_KEY_UIApplicationSupportsIndirectInputEvents = YES;
				IPHONEOS_DEPLOYMENT_TARGET = 15.0;
				LD_RUNPATH_SEARCH_PATHS = "$(inherited) @executable_path/Frameworks";
				MARKETING_VERSION = 1.0;
				PRODUCT_BUNDLE_IDENTIFIER = com.captureforge.ObjToSchematicIOS;
				PRODUCT_NAME = "$(TARGET_NAME)";
				SWIFT_EMIT_LOC_STRINGS = YES;
				SWIFT_VERSION = 5.0;
				TARGETED_DEVICE_FAMILY = "1,2";
			};
			name = Release;
		};
		A10000000000000000000085 /* Debug */ = {
			isa = XCBuildConfiguration;
			buildSettings = {
				BUNDLE_LOADER = "$(TEST_HOST)";
				CODE_SIGN_STYLE = Automatic;
				CURRENT_PROJECT_VERSION = 1;
				GENERATE_INFOPLIST_FILE = YES;
				IPHONEOS_DEPLOYMENT_TARGET = 15.0;
				LD_RUNPATH_SEARCH_PATHS = "$(inherited) @executable_path/Frameworks @loader_path/Frameworks";
				MARKETING_VERSION = 1.0;
				PRODUCT_BUNDLE_IDENTIFIER = com.captureforge.ObjToSchematicIOSTests;
				PRODUCT_NAME = "$(TARGET_NAME)";
				SWIFT_VERSION = 5.0;
				TARGETED_DEVICE_FAMILY = "1,2";
				TEST_HOST = "$(BUILT_PRODUCTS_DIR)/ObjToSchematicIOS.app/ObjToSchematicIOS";
			};
			name = Debug;
		};
		A10000000000000000000086 /* Release */ = {
			isa = XCBuildConfiguration;
			buildSettings = {
				BUNDLE_LOADER = "$(TEST_HOST)";
				CODE_SIGN_STYLE = Automatic;
				CURRENT_PROJECT_VERSION = 1;
				GENERATE_INFOPLIST_FILE = YES;
				IPHONEOS_DEPLOYMENT_TARGET = 15.0;
				LD_RUNPATH_SEARCH_PATHS = "$(inherited) @executable_path/Frameworks @loader_path/Frameworks";
				MARKETING_VERSION = 1.0;
				PRODUCT_BUNDLE_IDENTIFIER = com.captureforge.ObjToSchematicIOSTests;
				PRODUCT_NAME = "$(TARGET_NAME)";
				SWIFT_VERSION = 5.0;
				TARGETED_DEVICE_FAMILY = "1,2";
				TEST_HOST = "$(BUILT_PRODUCTS_DIR)/ObjToSchematicIOS.app/ObjToSchematicIOS";
			};
			name = Release;
		};
/* End XCBuildConfiguration section */

/* Begin XCConfigurationList section */
		A10000000000000000000071 /* Build configuration list for PBXProject "ObjToSchematicIOS" */ = {
			isa = XCConfigurationList;
			buildConfigurations = (
				A10000000000000000000081 /* Debug */,
				A10000000000000000000082 /* Release */,
			);
			defaultConfigurationIsVisible = 0;
			defaultConfigurationName = Release;
		};
		A10000000000000000000072 /* Build configuration list for PBXNativeTarget "ObjToSchematicIOS" */ = {
			isa = XCConfigurationList;
			buildConfigurations = (
				A10000000000000000000083 /* Debug */,
				A10000000000000000000084 /* Release */,
			);
			defaultConfigurationIsVisible = 0;
			defaultConfigurationName = Release;
		};
		A10000000000000000000073 /* Build configuration list for PBXNativeTarget "ObjToSchematicIOSTests" */ = {
			isa = XCConfigurationList;
			buildConfigurations = (
				A10000000000000000000085 /* Debug */,
				A10000000000000000000086 /* Release */,
			);
			defaultConfigurationIsVisible = 0;
			defaultConfigurationName = Release;
		};
/* End XCConfigurationList section */
	};
	rootObject = A10000000000000000000020 /* Project object */;
}
